// !$*UTF8*$!
{
	archiveVersion = 1;
	classes = {
	};
	objectVersion = 50;
	objects = {

/* Begin PBXBuildFile section */
		6D63C18520B7E189007C12EF /* help_file_name_-.h in Sources */ = {isa = PBXBuildFile; fileRef = 6D63C18320B7E189007C12EF /* help_file_name_-.h */; };
		6DCD87AA20AE1B140012E48B /* help_menu.h in Sources */ = {isa = PBXBuildFile; fileRef = 6DCD87A920AE1B140012E48B /* help_menu.h */; };
		6DDFCDA8208F1A0C00D376EF /* main.cpp in Sources */ = {isa = PBXBuildFile; fileRef = 6DDFCDA7208F1A0C00D376EF /* main.cpp */; };
/* End PBXBuildFile section */

/* Begin PBXCopyFilesBuildPhase section */
		6DDFCDA2208F1A0C00D376EF /* CopyFiles */ = {
			isa = PBXCopyFilesBuildPhase;
			buildActionMask = 2147483647;
			dstPath = /usr/share/man/man1/;
			dstSubfolderSpec = 0;
			files = (
			);
			runOnlyForDeploymentPostprocessing = 1;
		};
/* End PBXCopyFilesBuildPhase section */

/* Begin PBXFileReference section */
		6D181C5B20909CB200DC5B35 /* help_file_name.h */ = {isa = PBXFileReference; lastKnownFileType = sourcecode.c.h; path = help_file_name.h; sourceTree = "<group>"; };
		6D63C18320B7E189007C12EF /* help_file_name_-.h */ = {isa = PBXFileReference; lastKnownFileType = sourcecode.c.h; path = "help_file_name_-.h"; sourceTree = "<group>"; };
		6DCD87A920AE1B140012E48B /* help_menu.h */ = {isa = PBXFileReference; lastKnownFileType = sourcecode.c.h; path = help_menu.h; sourceTree = "<group>"; };
		6DDFCDA4208F1A0C00D376EF /* test_3_C++ */ = {isa = PBXFileReference; explicitFileType = "compiled.mach-o.executable"; includeInIndex = 0; path = "test_3_C++"; sourceTree = BUILT_PRODUCTS_DIR; };
		6DDFCDA7208F1A0C00D376EF /* main.cpp */ = {isa = PBXFileReference; lastKnownFileType = sourcecode.cpp.cpp; path = main.cpp; sourceTree = "<group>"; };
		6DDFCDAE208F1A5D00D376EF /* bank_account.h */ = {isa = PBXFileReference; lastKnownFileType = sourcecode.c.h; path = bank_account.h; sourceTree = "<group>"; };
		6DDFCDB0208F1B1A00D376EF /* help_menu_-.h */ = {isa = PBXFileReference; lastKnownFileType = sourcecode.c.h; path = "help_menu_-.h"; sourceTree = "<group>"; };
/* End PBXFileReference section */

/* Begin PBXFrameworksBuildPhase section */
		6DDFCDA1208F1A0C00D376EF /* Frameworks */ = {
			isa = PBXFrameworksBuildPhase;
			buildActionMask = 2147483647;
			files = (
			);
			runOnlyForDeploymentPostprocessing = 0;
		};
/* End PBXFrameworksBuildPhase section */

/* Begin PBXGroup section */
		6DDFCD9B208F1A0C00D376EF = {
			isa = PBXGroup;
			children = (
				6DDFCDA6208F1A0C00D376EF /* test_3_C++ */,
				6DDFCDA5208F1A0C00D376EF /* Products */,
			);
			sourceTree = "<group>";
		};
		6DDFCDA5208F1A0C00D376EF /* Products */ = {
			isa = PBXGroup;
			children = (
				6DDFCDA4208F1A0C00D376EF /* test_3_C++ */,
			);
			name = Products;
			sourceTree = "<group>";
		};
		6DDFCDA6208F1A0C00D376EF /* test_3_C++ */ = {
			isa = PBXGroup;
			children = (
				6DDFCDA7208F1A0C00D376EF /* main.cpp */,
				6DDFCDAE208F1A5D00D376EF /* bank_account.h */,
				6DDFCDB0208F1B1A00D376EF /* help_menu_-.h */,
				6D181C5B20909CB200DC5B35 /* help_file_name.h */,
				6D63C18320B7E189007C12EF /* help_file_name_-.h */,
				6DCD87A920AE1B140012E48B /* help_menu.h */,
			);
			path = "test_3_C++";
			sourceTree = "<group>";
		};
/* End PBXGroup section */

/* Begin PBXNativeTarget section */
		6DDFCDA3208F1A0C00D376EF /* test_3_C++ */ = {
			isa = PBXNativeTarget;
			buildConfigurationList = 6DDFCDAB208F1A0C00D376EF /* Build configuration list for PBXNativeTarget "test_3_C++" */;
			buildPhases = (
				6DDFCDA0208F1A0C00D376EF /* Sources */,
				6DDFCDA1208F1A0C00D376EF /* Frameworks */,
				6DDFCDA2208F1A0C00D376EF /* CopyFiles */,
			);
			buildRules = (
			);
			dependencies = (
			);
			name = "test_3_C++";
			productName = "test_3_C++";
			productReference = 6DDFCDA4208F1A0C00D376EF /* test_3_C++ */;
			productType = "com.apple.product-type.tool";
		};
/* End PBXNativeTarget section */

/* Begin PBXProject section */
		6DDFCD9C208F1A0C00D376EF /* Project object */ = {
			isa = PBXProject;
			attributes = {
				LastUpgradeCheck = 0930;
				ORGANIZATIONNAME = "Мария Юрьевна";
				TargetAttributes = {
					6DDFCDA3208F1A0C00D376EF = {
						CreatedOnToolsVersion = 9.3;
					};
				};
			};
			buildConfigurationList = 6DDFCD9F208F1A0C00D376EF /* Build configuration list for PBXProject "test_3_C++" */;
			compatibilityVersion = "Xcode 9.3";
			developmentRegion = en;
			hasScannedForEncodings = 0;
			knownRegions = (
				en,
			);
			mainGroup = 6DDFCD9B208F1A0C00D376EF;
			productRefGroup = 6DDFCDA5208F1A0C00D376EF /* Products */;
			projectDirPath = "";
			projectRoot = "";
			targets = (
				6DDFCDA3208F1A0C00D376EF /* test_3_C++ */,
			);
		};
/* End PBXProject section */

/* Begin PBXSourcesBuildPhase section */
		6DDFCDA0208F1A0C00D376EF /* Sources */ = {
			isa = PBXSourcesBuildPhase;
			buildActionMask = 2147483647;
			files = (
				6DDFCDA8208F1A0C00D376EF /* main.cpp in Sources */,
				6DCD87AA20AE1B140012E48B /* help_menu.h in Sources */,
				6D63C18520B7E189007C12EF /* help_file_name_-.h in Sources */,
			);
			runOnlyForDeploymentPostprocessing = 0;
		};
/* End PBXSourcesBuildPhase section */

/* Begin XCBuildConfiguration section */
		6DDFCDA9208F1A0C00D376EF /* Debug */ = {
			isa = XCBuildConfiguration;
			buildSettings = {
				ALWAYS_SEARCH_USER_PATHS = NO;
				CLANG_ANALYZER_NONNULL = YES;
				CLANG_ANALYZER_NUMBER_OBJECT_CONVERSION = YES_AGGRESSIVE;
				CLANG_CXX_LANGUAGE_STANDARD = "gnu++14";
				CLANG_CXX_LIBRARY = "libc++";
				CLANG_ENABLE_MODULES = YES;
				CLANG_ENABLE_OBJC_ARC = YES;
				CLANG_ENABLE_OBJC_WEAK = YES;
				CLANG_WARN_BLOCK_CAPTURE_AUTORELEASING = YES;
				CLANG_WARN_BOOL_CONVERSION = YES;
				CLANG_WARN_COMMA = YES;
				CLANG_WARN_CONSTANT_CONVERSION = YES;
				CLANG_WARN_DEPRECATED_OBJC_IMPLEMENTATIONS = YES;
				CLANG_WARN_DIRECT_OBJC_ISA_USAGE = YES_ERROR;
				CLANG_WARN_DOCUMENTATION_COMMENTS = YES;
				CLANG_WARN_EMPTY_BODY = YES;
				CLANG_WARN_ENUM_CONVERSION = YES;
				CLANG_WARN_INFINITE_RECURSION = YES;
				CLANG_WARN_INT_CONVERSION = YES;
				CLANG_WARN_NON_LITERAL_NULL_CONVERSION = YES;
				CLANG_WARN_OBJC_IMPLICIT_RETAIN_SELF = YES;
				CLANG_WARN_OBJC_LITERAL_CONVERSION = YES;
				CLANG_WARN_OBJC_ROOT_CLASS = YES_ERROR;
				CLANG_WARN_RANGE_LOOP_ANALYSIS = YES;
				CLANG_WARN_STRICT_PROTOTYPES = YES;
				CLANG_WARN_SUSPICIOUS_MOVE = YES;
				CLANG_WARN_UNGUARDED_AVAILABILITY = YES_AGGRESSIVE;
				CLANG_WARN_UNREACHABLE_CODE = YES;
				CLANG_WARN__DUPLICATE_METHOD_MATCH = YES;
				CODE_SIGN_IDENTITY = "-";
				COPY_PHASE_STRIP = NO;
				DEBUG_INFORMATION_FORMAT = dwarf;
				ENABLE_STRICT_OBJC_MSGSEND = YES;
				ENABLE_TESTABILITY = YES;
				GCC_C_LANGUAGE_STANDARD = gnu11;
				GCC_DYNAMIC_NO_PIC = NO;
				GCC_NO_COMMON_BLOCKS = YES;
				GCC_OPTIMIZATION_LEVEL = 0;
				GCC_PREPROCESSOR_DEFINITIONS = (
					"DEBUG=1",
					"$(inherited)",
				);
				GCC_WARN_64_TO_32_BIT_CONVERSION = YES;
				GCC_WARN_ABOUT_RETURN_TYPE = YES_ERROR;
				GCC_WARN_UNDECLARED_SELECTOR = YES;
				GCC_WARN_UNINITIALIZED_AUTOS = YES_AGGRESSIVE;
				GCC_WARN_UNUSED_FUNCTION = YES;
				GCC_WARN_UNUSED_VARIABLE = YES;
				MACOSX_DEPLOYMENT_TARGET = 10.13;
				MTL_ENABLE_DEBUG_INFO = YES;
				ONLY_ACTIVE_ARCH = YES;
				SDKROOT = macosx;
			};
			name = Debug;
		};
		6DDFCDAA208F1A0C00D376EF /* Release */ = {
			isa = XCBuildConfiguration;
			buildSettings = {
				ALWAYS_SEARCH_USER_PATHS = NO;
				CLANG_ANALYZER_NONNULL = YES;
				CLANG_ANALYZER_NUMBER_OBJECT_CONVERSION = YES_AGGRESSIVE;
				CLANG_CXX_LANGUAGE_STANDARD = "gnu++14";
				CLANG_CXX_LIBRARY = "libc++";
				CLANG_ENABLE_MODULES = YES;
				CLANG_ENABLE_OBJC_ARC = YES;
				CLANG_ENABLE_OBJC_WEAK = YES;
				CLANG_WARN_BLOCK_CAPTURE_AUTORELEASING = YES;
				CLANG_WARN_BOOL_CONVERSION = YES;
				CLANG_WARN_COMMA = YES;
				CLANG_WARN_CONSTANT_CONVERSION = YES;
				CLANG_WARN_DEPRECATED_OBJC_IMPLEMENTATIONS = YES;
				CLANG_WARN_DIRECT_OBJC_ISA_USAGE = YES_ERROR;
				CLANG_WARN_DOCUMENTATION_COMMENTS = YES;
				CLANG_WARN_EMPTY_BODY = YES;
				CLANG_WARN_ENUM_CONVERSION = YES;
				CLANG_WARN_INFINITE_RECURSION = YES;
				CLANG_WARN_INT_CONVERSION = YES;
				CLANG_WARN_NON_LITERAL_NULL_CONVERSION = YES;
				CLANG_WARN_OBJC_IMPLICIT_RETAIN_SELF = YES;
				CLANG_WARN_OBJC_LITERAL_CONVERSION = YES;
				CLANG_WARN_OBJC_ROOT_CLASS = YES_ERROR;
				CLANG_WARN_RANGE_LOOP_ANALYSIS = YES;
				CLANG_WARN_STRICT_PROTOTYPES = YES;
				CLANG_WARN_SUSPICIOUS_MOVE = YES;
				CLANG_WARN_UNGUARDED_AVAILABILITY = YES_AGGRESSIVE;
				CLANG_WARN_UNREACHABLE_CODE = YES;
				CLANG_WARN__DUPLICATE_METHOD_MATCH = YES;
				CODE_SIGN_IDENTITY = "-";
				COPY_PHASE_STRIP = NO;
				DEBUG_INFORMATION_FORMAT = "dwarf-with-dsym";
				ENABLE_NS_ASSERTIONS = NO;
				ENABLE_STRICT_OBJC_MSGSEND = YES;
				GCC_C_LANGUAGE_STANDARD = gnu11;
				GCC_NO_COMMON_BLOCKS = YES;
				GCC_WARN_64_TO_32_BIT_CONVERSION = YES;
				GCC_WARN_ABOUT_RETURN_TYPE = YES_ERROR;
				GCC_WARN_UNDECLARED_SELECTOR = YES;
				GCC_WARN_UNINITIALIZED_AUTOS = YES_AGGRESSIVE;
				GCC_WARN_UNUSED_FUNCTION = YES;
				GCC_WARN_UNUSED_VARIABLE = YES;
				MACOSX_DEPLOYMENT_TARGET = 10.13;
				MTL_ENABLE_DEBUG_INFO = NO;
				SDKROOT = macosx;
			};
			name = Release;
		};
		6DDFCDAC208F1A0C00D376EF /* Debug */ = {
			isa = XCBuildConfiguration;
			buildSettings = {
				CODE_SIGN_STYLE = Automatic;
				PRODUCT_NAME = "$(TARGET_NAME)";
			};
			name = Debug;
		};
		6DDFCDAD208F1A0C00D376EF /* Release */ = {
			isa = XCBuildConfiguration;
			buildSettings = {
				CODE_SIGN_STYLE = Automatic;
				PRODUCT_NAME = "$(TARGET_NAME)";
			};
			name = Release;
		};
/* End XCBuildConfiguration section */

/* Begin XCConfigurationList section */
		6DDFCD9F208F1A0C00D376EF /* Build configuration list for PBXProject "test_3_C++" */ = {
			isa = XCConfigurationList;
			buildConfigurations = (
				6DDFCDA9208F1A0C00D376EF /* Debug */,
				6DDFCDAA208F1A0C00D376EF /* Release */,
			);
			defaultConfigurationIsVisible = 0;
			defaultConfigurationName = Release;
		};
		6DDFCDAB208F1A0C00D376EF /* Build configuration list for PBXNativeTarget "test_3_C++" */ = {
			isa = XCConfigurationList;
			buildConfigurations = (
				6DDFCDAC208F1A0C00D376EF /* Debug */,
				6DDFCDAD208F1A0C00D376EF /* Release */,
			);
			defaultConfigurationIsVisible = 0;
			defaultConfigurationName = Release;
		};
/* End XCConfigurationList section */
	};
	rootObject = 6DDFCD9C208F1A0C00D376EF /* Project object */;
}
