// !$*UTF8*$!
{
	archiveVersion = 1;
	classes = {
	};
	objectVersion = 50;
	objects = {

/* Begin PBXBuildFile section */
		6D2E66A720C5955C00AAE32B /* type_deposit.cpp in Sources */ = {isa = PBXBuildFile; fileRef = 6D2E66A520C5955C00AAE32B /* type_deposit.cpp */; };
		6D2E66AA20C5D22D00AAE32B /* Data.cpp in Sources */ = {isa = PBXBuildFile; fileRef = 6D2E66A820C5D22D00AAE32B /* Data.cpp */; };
		6D2E66AC20C5D51F00AAE32B /* help_file_name.h in Sources */ = {isa = PBXBuildFile; fileRef = 6D2E66AB20C5D51F00AAE32B /* help_file_name.h */; };
		6DBB602A20C5046500A67AA4 /* main.cpp in Sources */ = {isa = PBXBuildFile; fileRef = 6DBB602920C5046500A67AA4 /* main.cpp */; };
		6DBB603220C504C200A67AA4 /* bank_account.h in Sources */ = {isa = PBXBuildFile; fileRef = 6DBB603020C504C200A67AA4 /* bank_account.h */; };
/* End PBXBuildFile section */

/* Begin PBXCopyFilesBuildPhase section */
		6DBB602420C5046500A67AA4 /* CopyFiles */ = {
			isa = PBXCopyFilesBuildPhase;
			buildActionMask = 2147483647;
			dstPath = /usr/share/man/man1/;
			dstSubfolderSpec = 0;
			files = (
			);
			runOnlyForDeploymentPostprocessing = 1;
		};
/* End PBXCopyFilesBuildPhase section */

/* Begin PBXFileReference section */
		6D2E66A520C5955C00AAE32B /* type_deposit.cpp */ = {isa = PBXFileReference; lastKnownFileType = sourcecode.cpp.cpp; path = type_deposit.cpp; sourceTree = "<group>"; };
		6D2E66A620C5955C00AAE32B /* type_deposit.h */ = {isa = PBXFileReference; lastKnownFileType = sourcecode.c.h; path = type_deposit.h; sourceTree = "<group>"; };
		6D2E66A820C5D22D00AAE32B /* Data.cpp */ = {isa = PBXFileReference; lastKnownFileType = sourcecode.cpp.cpp; path = Data.cpp; sourceTree = "<group>"; };
		6D2E66A920C5D22D00AAE32B /* Data.h */ = {isa = PBXFileReference; lastKnownFileType = sourcecode.c.h; path = Data.h; sourceTree = "<group>"; };
		6D2E66AB20C5D51F00AAE32B /* help_file_name.h */ = {isa = PBXFileReference; lastKnownFileType = sourcecode.c.h; path = help_file_name.h; sourceTree = "<group>"; };
		6DBB602620C5046500A67AA4 /* lab_3 */ = {isa = PBXFileReference; explicitFileType = "compiled.mach-o.executable"; includeInIndex = 0; path = lab_3; sourceTree = BUILT_PRODUCTS_DIR; };
		6DBB602920C5046500A67AA4 /* main.cpp */ = {isa = PBXFileReference; lastKnownFileType = sourcecode.cpp.cpp; path = main.cpp; sourceTree = "<group>"; };
		6DBB603020C504C200A67AA4 /* bank_account.h */ = {isa = PBXFileReference; lastKnownFileType = sourcecode.c.h; path = bank_account.h; sourceTree = "<group>"; };
		6DBB603320C5051E00A67AA4 /* help_file_name.cpp */ = {isa = PBXFileReference; lastKnownFileType = sourcecode.cpp.cpp; path = help_file_name.cpp; sourceTree = "<group>"; };
		6DBB603420C5054C00A67AA4 /* help_menu.h */ = {isa = PBXFileReference; lastKnownFileType = sourcecode.c.h; path = help_menu.h; sourceTree = "<group>"; };
/* End PBXFileReference section */

/* Begin PBXFrameworksBuildPhase section */
		6DBB602320C5046500A67AA4 /* Frameworks */ = {
			isa = PBXFrameworksBuildPhase;
			buildActionMask = 2147483647;
			files = (
			);
			runOnlyForDeploymentPostprocessing = 0;
		};
/* End PBXFrameworksBuildPhase section */

/* Begin PBXGroup section */
		6DBB601D20C5046500A67AA4 = {
			isa = PBXGroup;
			children = (
				6DBB602820C5046500A67AA4 /* lab_3 */,
				6DBB602720C5046500A67AA4 /* Products */,
				6D2E66A620C5955C00AAE32B /* type_deposit.h */,
				6D2E66A920C5D22D00AAE32B /* Data.h */,
				6D2E66AB20C5D51F00AAE32B /* help_file_name.h */,
			);
			sourceTree = "<group>";
		};
		6DBB602720C5046500A67AA4 /* Products */ = {
			isa = PBXGroup;
			children = (
				6DBB602620C5046500A67AA4 /* lab_3 */,
			);
			name = Products;
			sourceTree = "<group>";
		};
		6DBB602820C5046500A67AA4 /* lab_3 */ = {
			isa = PBXGroup;
			children = (
				6DBB602920C5046500A67AA4 /* main.cpp */,
				6DBB603020C504C200A67AA4 /* bank_account.h */,
				6DBB603420C5054C00A67AA4 /* help_menu.h */,
				6D2E66A520C5955C00AAE32B /* type_deposit.cpp */,
				6D2E66A820C5D22D00AAE32B /* Data.cpp */,
				6DBB603320C5051E00A67AA4 /* help_file_name.cpp */,
			);
			path = lab_3;
			sourceTree = "<group>";
		};
/* End PBXGroup section */

/* Begin PBXNativeTarget section */
		6DBB602520C5046500A67AA4 /* lab_3 */ = {
			isa = PBXNativeTarget;
			buildConfigurationList = 6DBB602D20C5046500A67AA4 /* Build configuration list for PBXNativeTarget "lab_3" */;
			buildPhases = (
				6DBB602220C5046500A67AA4 /* Sources */,
				6DBB602320C5046500A67AA4 /* Frameworks */,
				6DBB602420C5046500A67AA4 /* CopyFiles */,
			);
			buildRules = (
			);
			dependencies = (
			);
			name = lab_3;
			productName = lab_3;
			productReference = 6DBB602620C5046500A67AA4 /* lab_3 */;
			productType = "com.apple.product-type.tool";
		};
/* End PBXNativeTarget section */

/* Begin PBXProject section */
		6DBB601E20C5046500A67AA4 /* Project object */ = {
			isa = PBXProject;
			attributes = {
				LastUpgradeCheck = 0940;
				ORGANIZATIONNAME = "Мария Юрьевна";
				TargetAttributes = {
					6DBB602520C5046500A67AA4 = {
						CreatedOnToolsVersion = 9.4;
					};
				};
			};
			buildConfigurationList = 6DBB602120C5046500A67AA4 /* Build configuration list for PBXProject "lab_3" */;
			compatibilityVersion = "Xcode 9.3";
			developmentRegion = en;
			hasScannedForEncodings = 0;
			knownRegions = (
				en,
			);
			mainGroup = 6DBB601D20C5046500A67AA4;
			productRefGroup = 6DBB602720C5046500A67AA4 /* Products */;
			projectDirPath = "";
			projectRoot = "";
			targets = (
				6DBB602520C5046500A67AA4 /* lab_3 */,
			);
		};
/* End PBXProject section */

/* Begin PBXSourcesBuildPhase section */
		6DBB602220C5046500A67AA4 /* Sources */ = {
			isa = PBXSourcesBuildPhase;
			buildActionMask = 2147483647;
			files = (
				6D2E66AC20C5D51F00AAE32B /* help_file_name.h in Sources */,
				6DBB602A20C5046500A67AA4 /* main.cpp in Sources */,
				6DBB603220C504C200A67AA4 /* bank_account.h in Sources */,
				6D2E66A720C5955C00AAE32B /* type_deposit.cpp in Sources */,
				6D2E66AA20C5D22D00AAE32B /* Data.cpp in Sources */,
			);
			runOnlyForDeploymentPostprocessing = 0;
		};
/* End PBXSourcesBuildPhase section */

/* Begin XCBuildConfiguration section */
		6DBB602B20C5046500A67AA4 /* Debug */ = {
			isa = XCBuildConfiguration;
			buildSettings = {
				ALWAYS_SEARCH_USER_PATHS = NO;
				CLANG_ANALYZER_NONNULL = YES;
				CLANG_ANALYZER_NUMBER_OBJECT_CONVERSION = YES_AGGRESSIVE;
				CLANG_CXX_LANGUAGE_STANDARD = "gnu++14";
				CLANG_CXX_LIBRARY = "libc++";
				CLANG_ENABLE_MODULES = YES;
				CLANG_ENABLE_OBJC_ARC = YES;
				CLANG_ENABLE_OBJC_WEAK = YES;
				CLANG_WARN_BLOCK_CAPTURE_AUTORELEASING = YES;
				CLANG_WARN_BOOL_CONVERSION = YES;
				CLANG_WARN_COMMA = YES;
				CLANG_WARN_CONSTANT_CONVERSION = YES;
				CLANG_WARN_DEPRECATED_OBJC_IMPLEMENTATIONS = YES;
				CLANG_WARN_DIRECT_OBJC_ISA_USAGE = YES_ERROR;
				CLANG_WARN_DOCUMENTATION_COMMENTS = YES;
				CLANG_WARN_EMPTY_BODY = YES;
				CLANG_WARN_ENUM_CONVERSION = YES;
				CLANG_WARN_INFINITE_RECURSION = YES;
				CLANG_WARN_INT_CONVERSION = YES;
				CLANG_WARN_NON_LITERAL_NULL_CONVERSION = YES;
				CLANG_WARN_OBJC_IMPLICIT_RETAIN_SELF = YES;
				CLANG_WARN_OBJC_LITERAL_CONVERSION = YES;
				CLANG_WARN_OBJC_ROOT_CLASS = YES_ERROR;
				CLANG_WARN_RANGE_LOOP_ANALYSIS = YES;
				CLANG_WARN_STRICT_PROTOTYPES = YES;
				CLANG_WARN_SUSPICIOUS_MOVE = YES;
				CLANG_WARN_UNGUARDED_AVAILABILITY = YES_AGGRESSIVE;
				CLANG_WARN_UNREACHABLE_CODE = YES;
				CLANG_WARN__DUPLICATE_METHOD_MATCH = YES;
				CODE_SIGN_IDENTITY = "-";
				COPY_PHASE_STRIP = NO;
				DEBUG_INFORMATION_FORMAT = dwarf;
				ENABLE_STRICT_OBJC_MSGSEND = YES;
				ENABLE_TESTABILITY = YES;
				GCC_C_LANGUAGE_STANDARD = gnu11;
				GCC_DYNAMIC_NO_PIC = NO;
				GCC_NO_COMMON_BLOCKS = YES;
				GCC_OPTIMIZATION_LEVEL = 0;
				GCC_PREPROCESSOR_DEFINITIONS = (
					"DEBUG=1",
					"$(inherited)",
				);
				GCC_WARN_64_TO_32_BIT_CONVERSION = YES;
				GCC_WARN_ABOUT_RETURN_TYPE = YES_ERROR;
				GCC_WARN_UNDECLARED_SELECTOR = YES;
				GCC_WARN_UNINITIALIZED_AUTOS = YES_AGGRESSIVE;
				GCC_WARN_UNUSED_FUNCTION = YES;
				GCC_WARN_UNUSED_VARIABLE = YES;
				MACOSX_DEPLOYMENT_TARGET = 10.13;
				MTL_ENABLE_DEBUG_INFO = YES;
				ONLY_ACTIVE_ARCH = YES;
				SDKROOT = macosx;
			};
			name = Debug;
		};
		6DBB602C20C5046500A67AA4 /* Release */ = {
			isa = XCBuildConfiguration;
			buildSettings = {
				ALWAYS_SEARCH_USER_PATHS = NO;
				CLANG_ANALYZER_NONNULL = YES;
				CLANG_ANALYZER_NUMBER_OBJECT_CONVERSION = YES_AGGRESSIVE;
				CLANG_CXX_LANGUAGE_STANDARD = "gnu++14";
				CLANG_CXX_LIBRARY = "libc++";
				CLANG_ENABLE_MODULES = YES;
				CLANG_ENABLE_OBJC_ARC = YES;
				CLANG_ENABLE_OBJC_WEAK = YES;
				CLANG_WARN_BLOCK_CAPTURE_AUTORELEASING = YES;
				CLANG_WARN_BOOL_CONVERSION = YES;
				CLANG_WARN_COMMA = YES;
				CLANG_WARN_CONSTANT_CONVERSION = YES;
				CLANG_WARN_DEPRECATED_OBJC_IMPLEMENTATIONS = YES;
				CLANG_WARN_DIRECT_OBJC_ISA_USAGE = YES_ERROR;
				CLANG_WARN_DOCUMENTATION_COMMENTS = YES;
				CLANG_WARN_EMPTY_BODY = YES;
				CLANG_WARN_ENUM_CONVERSION = YES;
				CLANG_WARN_INFINITE_RECURSION = YES;
				CLANG_WARN_INT_CONVERSION = YES;
				CLANG_WARN_NON_LITERAL_NULL_CONVERSION = YES;
				CLANG_WARN_OBJC_IMPLICIT_RETAIN_SELF = YES;
				CLANG_WARN_OBJC_LITERAL_CONVERSION = YES;
				CLANG_WARN_OBJC_ROOT_CLASS = YES_ERROR;
				CLANG_WARN_RANGE_LOOP_ANALYSIS = YES;
				CLANG_WARN_STRICT_PROTOTYPES = YES;
				CLANG_WARN_SUSPICIOUS_MOVE = YES;
				CLANG_WARN_UNGUARDED_AVAILABILITY = YES_AGGRESSIVE;
				CLANG_WARN_UNREACHABLE_CODE = YES;
				CLANG_WARN__DUPLICATE_METHOD_MATCH = YES;
				CODE_SIGN_IDENTITY = "-";
				COPY_PHASE_STRIP = NO;
				DEBUG_INFORMATION_FORMAT = "dwarf-with-dsym";
				ENABLE_NS_ASSERTIONS = NO;
				ENABLE_STRICT_OBJC_MSGSEND = YES;
				GCC_C_LANGUAGE_STANDARD = gnu11;
				GCC_NO_COMMON_BLOCKS = YES;
				GCC_WARN_64_TO_32_BIT_CONVERSION = YES;
				GCC_WARN_ABOUT_RETURN_TYPE = YES_ERROR;
				GCC_WARN_UNDECLARED_SELECTOR = YES;
				GCC_WARN_UNINITIALIZED_AUTOS = YES_AGGRESSIVE;
				GCC_WARN_UNUSED_FUNCTION = YES;
				GCC_WARN_UNUSED_VARIABLE = YES;
				MACOSX_DEPLOYMENT_TARGET = 10.13;
				MTL_ENABLE_DEBUG_INFO = NO;
				SDKROOT = macosx;
			};
			name = Release;
		};
		6DBB602E20C5046500A67AA4 /* Debug */ = {
			isa = XCBuildConfiguration;
			buildSettings = {
				CODE_SIGN_STYLE = Automatic;
				PRODUCT_NAME = "$(TARGET_NAME)";
			};
			name = Debug;
		};
		6DBB602F20C5046500A67AA4 /* Release */ = {
			isa = XCBuildConfiguration;
			buildSettings = {
				CODE_SIGN_STYLE = Automatic;
				PRODUCT_NAME = "$(TARGET_NAME)";
			};
			name = Release;
		};
/* End XCBuildConfiguration section */

/* Begin XCConfigurationList section */
		6DBB602120C5046500A67AA4 /* Build configuration list for PBXProject "lab_3" */ = {
			isa = XCConfigurationList;
			buildConfigurations = (
				6DBB602B20C5046500A67AA4 /* Debug */,
				6DBB602C20C5046500A67AA4 /* Release */,
			);
			defaultConfigurationIsVisible = 0;
			defaultConfigurationName = Release;
		};
		6DBB602D20C5046500A67AA4 /* Build configuration list for PBXNativeTarget "lab_3" */ = {
			isa = XCConfigurationList;
			buildConfigurations = (
				6DBB602E20C5046500A67AA4 /* Debug */,
				6DBB602F20C5046500A67AA4 /* Release */,
			);
			defaultConfigurationIsVisible = 0;
			defaultConfigurationName = Release;
		};
/* End XCConfigurationList section */
	};
	rootObject = 6DBB601E20C5046500A67AA4 /* Project object */;
}
